// !$*UTF8*$!
{
	archiveVersion = 1;
	classes = {
	};
	objectVersion = 46;
	objects = {

/* Begin PBXBuildFile section */
		856D3FE31BE317F5001EC09A /* main.m in Sources */ = {isa = PBXBuildFile; fileRef = 856D3FE21BE317F5001EC09A /* main.m */; };
		856D3FE61BE317F5001EC09A /* AppDelegate.m in Sources */ = {isa = PBXBuildFile; fileRef = 856D3FE51BE317F5001EC09A /* AppDelegate.m */; };
		856D3FE91BE317F5001EC09A /* ViewController.m in Sources */ = {isa = PBXBuildFile; fileRef = 856D3FE81BE317F5001EC09A /* ViewController.m */; };
		856D3FEC1BE317F5001EC09A /* Main.storyboard in Resources */ = {isa = PBXBuildFile; fileRef = 856D3FEA1BE317F5001EC09A /* Main.storyboard */; };
		856D3FEE1BE317F5001EC09A /* Assets.xcassets in Resources */ = {isa = PBXBuildFile; fileRef = 856D3FED1BE317F5001EC09A /* Assets.xcassets */; };
		856D3FF11BE317F5001EC09A /* LaunchScreen.storyboard in Resources */ = {isa = PBXBuildFile; fileRef = 856D3FEF1BE317F5001EC09A /* LaunchScreen.storyboard */; };
/* End PBXBuildFile section */

/* Begin PBXFileReference section */
		856D3FDE1BE317F5001EC09A /* Day17_2_kuaixun.app */ = {isa = PBXFileReference; explicitFileType = wrapper.application; includeInIndex = 0; path = Day17_2_kuaixun.app; sourceTree = BUILT_PRODUCTS_DIR; };
		856D3FE21BE317F5001EC09A /* main.m */ = {isa = PBXFileReference; lastKnownFileType = sourcecode.c.objc; path = main.m; sourceTree = "<group>"; };
		856D3FE41BE317F5001EC09A /* AppDelegate.h */ = {isa = PBXFileReference; lastKnownFileType = sourcecode.c.h; path = AppDelegate.h; sourceTree = "<group>"; };
		856D3FE51BE317F5001EC09A /* AppDelegate.m */ = {isa = PBXFileReference; lastKnownFileType = sourcecode.c.objc; path = AppDelegate.m; sourceTree = "<group>"; };
		856D3FE71BE317F5001EC09A /* ViewController.h */ = {isa = PBXFileReference; lastKnownFileType = sourcecode.c.h; path = ViewController.h; sourceTree = "<group>"; };
		856D3FE81BE317F5001EC09A /* ViewController.m */ = {isa = PBXFileReference; lastKnownFileType = sourcecode.c.objc; path = ViewController.m; sourceTree = "<group>"; };
		856D3FEB1BE317F5001EC09A /* Base */ = {isa = PBXFileReference; lastKnownFileType = file.storyboard; name = Base; path = Base.lproj/Main.storyboard; sourceTree = "<group>"; };
		856D3FED1BE317F5001EC09A /* Assets.xcassets */ = {isa = PBXFileReference; lastKnownFileType = folder.assetcatalog; path = Assets.xcassets; sourceTree = "<group>"; };
		856D3FF01BE317F5001EC09A /* Base */ = {isa = PBXFileReference; lastKnownFileType = file.storyboard; name = Base; path = Base.lproj/LaunchScreen.storyboard; sourceTree = "<group>"; };
		856D3FF21BE317F5001EC09A /* Info.plist */ = {isa = PBXFileReference; lastKnownFileType = text.plist.xml; path = Info.plist; sourceTree = "<group>"; };
/* End PBXFileReference section */

/* Begin PBXFrameworksBuildPhase section */
		856D3FDB1BE317F5001EC09A /* Frameworks */ = {
			isa = PBXFrameworksBuildPhase;
			buildActionMask = 2147483647;
			files = (
			);
			runOnlyForDeploymentPostprocessing = 0;
		};
/* End PBXFrameworksBuildPhase section */

/* Begin PBXGroup section */
		856D3FD51BE317F5001EC09A = {
			isa = PBXGroup;
			children = (
				856D3FE01BE317F5001EC09A /* Day17_2_kuaixun */,
				856D3FDF1BE317F5001EC09A /* Products */,
			);
			sourceTree = "<group>";
		};
		856D3FDF1BE317F5001EC09A /* Products */ = {
			isa = PBXGroup;
			children = (
				856D3FDE1BE317F5001EC09A /* Day17_2_kuaixun.app */,
			);
			name = Products;
			sourceTree = "<group>";
		};
		856D3FE01BE317F5001EC09A /* Day17_2_kuaixun */ = {
			isa = PBXGroup;
			children = (
				856D3FE41BE317F5001EC09A /* AppDelegate.h */,
				856D3FE51BE317F5001EC09A /* AppDelegate.m */,
				856D3FE71BE317F5001EC09A /* ViewController.h */,
				856D3FE81BE317F5001EC09A /* ViewController.m */,
				856D3FEA1BE317F5001EC09A /* Main.storyboard */,
				856D3FED1BE317F5001EC09A /* Assets.xcassets */,
				856D3FEF1BE317F5001EC09A /* LaunchScreen.storyboard */,
				856D3FF21BE317F5001EC09A /* Info.plist */,
				856D3FE11BE317F5001EC09A /* Supporting Files */,
			);
			path = Day17_2_kuaixun;
			sourceTree = "<group>";
		};
		856D3FE11BE317F5001EC09A /* Supporting Files */ = {
			isa = PBXGroup;
			children = (
				856D3FE21BE317F5001EC09A /* main.m */,
			);
			name = "Supporting Files";
			sourceTree = "<group>";
		};
/* End PBXGroup section */

/* Begin PBXNativeTarget section */
		856D3FDD1BE317F5001EC09A /* Day17_2_kuaixun */ = {
			isa = PBXNativeTarget;
			buildConfigurationList = 856D3FF51BE317F5001EC09A /* Build configuration list for PBXNativeTarget "Day17_2_kuaixun" */;
			buildPhases = (
				856D3FDA1BE317F5001EC09A /* Sources */,
				856D3FDB1BE317F5001EC09A /* Frameworks */,
				856D3FDC1BE317F5001EC09A /* Resources */,
			);
			buildRules = (
			);
			dependencies = (
			);
			name = Day17_2_kuaixun;
			productName = Day17_2_kuaixun;
			productReference = 856D3FDE1BE317F5001EC09A /* Day17_2_kuaixun.app */;
			productType = "com.apple.product-type.application";
		};
/* End PBXNativeTarget section */

/* Begin PBXProject section */
		856D3FD61BE317F5001EC09A /* Project object */ = {
			isa = PBXProject;
			attributes = {
				LastUpgradeCheck = 0710;
				ORGANIZATIONNAME = tarena;
				TargetAttributes = {
					856D3FDD1BE317F5001EC09A = {
						CreatedOnToolsVersion = 7.1;
					};
				};
			};
			buildConfigurationList = 856D3FD91BE317F5001EC09A /* Build configuration list for PBXProject "Day17_2_kuaixun" */;
			compatibilityVersion = "Xcode 3.2";
			developmentRegion = English;
			hasScannedForEncodings = 0;
			knownRegions = (
				en,
				Base,
			);
			mainGroup = 856D3FD51BE317F5001EC09A;
			productRefGroup = 856D3FDF1BE317F5001EC09A /* Products */;
			projectDirPath = "";
			projectRoot = "";
			targets = (
				856D3FDD1BE317F5001EC09A /* Day17_2_kuaixun */,
			);
		};
/* End PBXProject section */

/* Begin PBXResourcesBuildPhase section */
		856D3FDC1BE317F5001EC09A /* Resources */ = {
			isa = PBXResourcesBuildPhase;
			buildActionMask = 2147483647;
			files = (
				856D3FF11BE317F5001EC09A /* LaunchScreen.storyboard in Resources */,
				856D3FEE1BE317F5001EC09A /* Assets.xcassets in Resources */,
				856D3FEC1BE317F5001EC09A /* Main.storyboard in Resources */,
			);
			runOnlyForDeploymentPostprocessing = 0;
		};
/* End PBXResourcesBuildPhase section */

/* Begin PBXSourcesBuildPhase section */
		856D3FDA1BE317F5001EC09A /* Sources */ = {
			isa = PBXSourcesBuildPhase;
			buildActionMask = 2147483647;
			files = (
				856D3FE91BE317F5001EC09A /* ViewController.m in Sources */,
				856D3FE61BE317F5001EC09A /* AppDelegate.m in Sources */,
				856D3FE31BE317F5001EC09A /* main.m in Sources */,
			);
			runOnlyForDeploymentPostprocessing = 0;
		};
/* End PBXSourcesBuildPhase section */

/* Begin PBXVariantGroup section */
		856D3FEA1BE317F5001EC09A /* Main.storyboard */ = {
			isa = PBXVariantGroup;
			children = (
				856D3FEB1BE317F5001EC09A /* Base */,
			);
			name = Main.storyboard;
			sourceTree = "<group>";
		};
		856D3FEF1BE317F5001EC09A /* LaunchScreen.storyboard */ = {
			isa = PBXVariantGroup;
			children = (
				856D3FF01BE317F5001EC09A /* Base */,
			);
			name = LaunchScreen.storyboard;
			sourceTree = "<group>";
		};
/* End PBXVariantGroup section */

/* Begin XCBuildConfiguration section */
		856D3FF31BE317F5001EC09A /* Debug */ = {
			isa = XCBuildConfiguration;
			buildSettings = {
				ALWAYS_SEARCH_USER_PATHS = NO;
				CLANG_CXX_LANGUAGE_STANDARD = "gnu++0x";
				CLANG_CXX_LIBRARY = "libc++";
				CLANG_ENABLE_MODULES = YES;
				CLANG_ENABLE_OBJC_ARC = YES;
				CLANG_WARN_BOOL_CONVERSION = YES;
				CLANG_WARN_CONSTANT_CONVERSION = YES;
				CLANG_WARN_DIRECT_OBJC_ISA_USAGE = YES_ERROR;
				CLANG_WARN_EMPTY_BODY = YES;
				CLANG_WARN_ENUM_CONVERSION = YES;
				CLANG_WARN_INT_CONVERSION = YES;
				CLANG_WARN_OBJC_ROOT_CLASS = YES_ERROR;
				CLANG_WARN_UNREACHABLE_CODE = YES;
				CLANG_WARN__DUPLICATE_METHOD_MATCH = YES;
				"CODE_SIGN_IDENTITY[sdk=iphoneos*]" = "iPhone Developer";
				COPY_PHASE_STRIP = NO;
				DEBUG_INFORMATION_FORMAT = dwarf;
				ENABLE_STRICT_OBJC_MSGSEND = YES;
				ENABLE_TESTABILITY = YES;
				GCC_C_LANGUAGE_STANDARD = gnu99;
				GCC_DYNAMIC_NO_PIC = NO;
				GCC_NO_COMMON_BLOCKS = YES;
				GCC_OPTIMIZATION_LEVEL = 0;
				GCC_PREPROCESSOR_DEFINITIONS = (
					"DEBUG=1",
					"$(inherited)",
				);
				GCC_WARN_64_TO_32_BIT_CONVERSION = YES;
				GCC_WARN_ABOUT_RETURN_TYPE = YES_ERROR;
				GCC_WARN_UNDECLARED_SELECTOR = YES;
				GCC_WARN_UNINITIALIZED_AUTOS = YES_AGGRESSIVE;
				GCC_WARN_UNUSED_FUNCTION = YES;
				GCC_WARN_UNUSED_VARIABLE = YES;
				IPHONEOS_DEPLOYMENT_TARGET = 9.1;
				MTL_ENABLE_DEBUG_INFO = YES;
				ONLY_ACTIVE_ARCH = YES;
				SDKROOT = iphoneos;
			};
			name = Debug;
		};
		856D3FF41BE317F5001EC09A /* Release */ = {
			isa = XCBuildConfiguration;
			buildSettings = {
				ALWAYS_SEARCH_USER_PATHS = NO;
				CLANG_CXX_LANGUAGE_STANDARD = "gnu++0x";
				CLANG_CXX_LIBRARY = "libc++";
				CLANG_ENABLE_MODULES = YES;
				CLANG_ENABLE_OBJC_ARC = YES;
				CLANG_WARN_BOOL_CONVERSION = YES;
				CLANG_WARN_CONSTANT_CONVERSION = YES;
				CLANG_WARN_DIRECT_OBJC_ISA_USAGE = YES_ERROR;
				CLANG_WARN_EMPTY_BODY = YES;
				CLANG_WARN_ENUM_CONVERSION = YES;
				CLANG_WARN_INT_CONVERSION = YES;
				CLANG_WARN_OBJC_ROOT_CLASS = YES_ERROR;
				CLANG_WARN_UNREACHABLE_CODE = YES;
				CLANG_WARN__DUPLICATE_METHOD_MATCH = YES;
				"CODE_SIGN_IDENTITY[sdk=iphoneos*]" = "iPhone Developer";
				COPY_PHASE_STRIP = NO;
				DEBUG_INFORMATION_FORMAT = "dwarf-with-dsym";
				ENABLE_NS_ASSERTIONS = NO;
				ENABLE_STRICT_OBJC_MSGSEND = YES;
				GCC_C_LANGUAGE_STANDARD = gnu99;
				GCC_NO_COMMON_BLOCKS = YES;
				GCC_WARN_64_TO_32_BIT_CONVERSION = YES;
				GCC_WARN_ABOUT_RETURN_TYPE = YES_ERROR;
				GCC_WARN_UNDECLARED_SELECTOR = YES;
				GCC_WARN_UNINITIALIZED_AUTOS = YES_AGGRESSIVE;
				GCC_WARN_UNUSED_FUNCTION = YES;
				GCC_WARN_UNUSED_VARIABLE = YES;
				IPHONEOS_DEPLOYMENT_TARGET = 9.1;
				MTL_ENABLE_DEBUG_INFO = NO;
				SDKROOT = iphoneos;
				VALIDATE_PRODUCT = YES;
			};
			name = Release;
		};
		856D3FF61BE317F5001EC09A /* Debug */ = {
			isa = XCBuildConfiguration;
			buildSettings = {
				ASSETCATALOG_COMPILER_APPICON_NAME = AppIcon;
				INFOPLIST_FILE = Day17_2_kuaixun/Info.plist;
				LD_RUNPATH_SEARCH_PATHS = "$(inherited) @executable_path/Frameworks";
				PRODUCT_BUNDLE_IDENTIFIER = "com.tarena.Day17-2-kuaixun";
				PRODUCT_NAME = "$(TARGET_NAME)";
			};
			name = Debug;
		};
		856D3FF71BE317F5001EC09A /* Release */ = {
			isa = XCBuildConfiguration;
			buildSettings = {
				ASSETCATALOG_COMPILER_APPICON_NAME = AppIcon;
				INFOPLIST_FILE = Day17_2_kuaixun/Info.plist;
				LD_RUNPATH_SEARCH_PATHS = "$(inherited) @executable_path/Frameworks";
				PRODUCT_BUNDLE_IDENTIFIER = "com.tarena.Day17-2-kuaixun";
				PRODUCT_NAME = "$(TARGET_NAME)";
			};
			name = Release;
		};
/* End XCBuildConfiguration section */

/* Begin XCConfigurationList section */
		856D3FD91BE317F5001EC09A /* Build configuration list for PBXProject "Day17_2_kuaixun" */ = {
			isa = XCConfigurationList;
			buildConfigurations = (
				856D3FF31BE317F5001EC09A /* Debug */,
				856D3FF41BE317F5001EC09A /* Release */,
			);
			defaultConfigurationIsVisible = 0;
			defaultConfigurationName = Release;
		};
		856D3FF51BE317F5001EC09A /* Build configuration list for PBXNativeTarget "Day17_2_kuaixun" */ = {
			isa = XCConfigurationList;
			buildConfigurations = (
				856D3FF61BE317F5001EC09A /* Debug */,
				856D3FF71BE317F5001EC09A /* Release */,
			);
			defaultConfigurationIsVisible = 0;
		};
/* End XCConfigurationList section */
	};
	rootObject = 856D3FD61BE317F5001EC09A /* Project object */;
}
